
Microsoft Visual Studio Solution File, Format Version 12.00
# Visual Studio 15
VisualStudioVersion = 15.0.28307.168
MinimumVisualStudioVersion = 10.0.40219.1
Project("{FAE04EC0-301F-11D3-BF4B-00C04F79EFBC}") = "FS", "FS\FS.csproj", "{EA1479A1-4ADD-4B4D-A028-9ED794BF631D}"
EndProject
Global
	GlobalSection(SolutionConfigurationPlatforms) = preSolution
		Debug|Any CPU = Debug|Any CPU
		Release|Any CPU = Release|Any CPU
	EndGlobalSection
	GlobalSection(ProjectConfigurationPlatforms) = postSolution
		{EA1479A1-4ADD-4B4D-A028-9ED794BF631D}.Debug|Any CPU.ActiveCfg = Debug|Any CPU
		{EA1479A1-4ADD-4B4D-A028-9ED794BF631D}.Debug|Any CPU.Build.0 = Debug|Any CPU
		{EA1479A1-4ADD-4B4D-A028-9ED794BF631D}.Release|Any CPU.ActiveCfg = Release|Any CPU
		{EA1479A1-4ADD-4B4D-A028-9ED794BF631D}.Release|Any CPU.Build.0 = Release|Any CPU
	EndGlobalSection
	GlobalSection(SolutionProperties) = preSolution
		HideSolutionNode = FALSE
	EndGlobalSection
	GlobalSection(ExtensibilityGlobals) = postSolution
		SolutionGuid = {0127676F-6814-4421-89FB-08904F853078}
	EndGlobalSection
EndGlobal
